
Microsoft Visual Studio Solution File, Format Version 12.00
# Visual Studio Version 17
VisualStudioVersion = 17.8.34525.116
MinimumVisualStudioVersion = 10.0.40219.1
Project("{FAE04EC0-301F-11D3-BF4B-00C04F79EFBC}") = "StoreSystem", "StoreSystem\StoreSystem.csproj", "{65EDB7F7-C2FD-47FC-B6CA-70205180E49C}"
EndProject
Global
	GlobalSection(SolutionConfigurationPlatforms) = preSolution
		Debug|Any CPU = Debug|Any CPU
		Release|Any CPU = Release|Any CPU
	EndGlobalSection
	GlobalSection(ProjectConfigurationPlatforms) = postSolution
		{65EDB7F7-C2FD-47FC-B6CA-70205180E49C}.Debug|Any CPU.ActiveCfg = Debug|Any CPU
		{65EDB7F7-C2FD-47FC-B6CA-70205180E49C}.Debug|Any CPU.Build.0 = Debug|Any CPU
		{65EDB7F7-C2FD-47FC-B6CA-70205180E49C}.Release|Any CPU.ActiveCfg = Release|Any CPU
		{65EDB7F7-C2FD-47FC-B6CA-70205180E49C}.Release|Any CPU.Build.0 = Release|Any CPU
	EndGlobalSection
	GlobalSection(SolutionProperties) = preSolution
		HideSolutionNode = FALSE
	EndGlobalSection
	GlobalSection(ExtensibilityGlobals) = postSolution
		SolutionGuid = {B2017655-4423-4847-9156-77FFEF112A22}
	EndGlobalSection
EndGlobal
